%{
  "earmark_parser": {:hex, :earmark_parser, "1.4.31", "a93921cdc6b9b869f519213d5bc79d9e218ba768d7270d46fdcf1c01bacff9e2", [:mix], [], "hexpm", "317d367ee0335ef037a87e46c91a2269fef6306413f731e8ec11fc45a7efd059"},
  "ex_doc": {:hex, :ex_doc, "0.29.2", "dfa97532ba66910b2a3016a4bbd796f41a86fc71dd5227e96f4c8581fdf0fdf0", [:mix], [{:earmark_parser, "~> 1.4.19", [hex: :earmark_parser, repo: "hexpm", optional: false]}, {:makeup_elixir, "~> 0.14", [hex: :makeup_elixir, repo: "hexpm", optional: false]}, {:makeup_erlang, "~> 0.1", [hex: :makeup_erlang, repo: "hexpm", optional: false]}], "hexpm", "6b5d7139eda18a753e3250e27e4a929f8d2c880dd0d460cb9986305dea3e03af"},
  "glob_ex": {:hex, :glob_ex, "0.1.6", "3a311ade50f6b71d638af660edcc844c3ab4eb2a2c816cfebb73a1d521bb2f9d", [:mix], [], "hexpm", "fda1e90e10f6029bd72967fef0c9891d0d14da89ca7163076e6028bfcb2c42fa"},
  "makeup": {:hex, :makeup, "1.1.0", "6b67c8bc2882a6b6a445859952a602afc1a41c2e08379ca057c0f525366fc3ca", [:mix], [{:nimble_parsec, "~> 1.2.2 or ~> 1.3", [hex: :nimble_parsec, repo: "hexpm", optional: false]}], "hexpm", "0a45ed501f4a8897f580eabf99a2e5234ea3e75a4373c8a52824f6e873be57a6"},
  "makeup_elixir": {:hex, :makeup_elixir, "0.16.0", "f8c570a0d33f8039513fbccaf7108c5d750f47d8defd44088371191b76492b0b", [:mix], [{:makeup, "~> 1.0", [hex: :makeup, repo: "hexpm", optional: false]}, {:nimble_parsec, "~> 1.2.3", [hex: :nimble_parsec, repo: "hexpm", optional: false]}], "hexpm", "28b2cbdc13960a46ae9a8858c4bebdec3c9a6d7b4b9e7f4ed1502f8159f338e7"},
  "makeup_erlang": {:hex, :makeup_erlang, "0.1.1", "3fcb7f09eb9d98dc4d208f49cc955a34218fc41ff6b84df7c75b3e6e533cc65f", [:mix], [{:makeup, "~> 1.0", [hex: :makeup, repo: "hexpm", optional: false]}], "hexpm", "174d0809e98a4ef0b3309256cbf97101c6ec01c4ab0b23e926a9e17df2077cbb"},
  "mneme": {:hex, :mneme, "0.5.0", "773c575fa3d7408a8970016351a8ae92f2c4457193bdf1bcf9a5f0adf06b9695", [:mix], [{:nimble_options, "~> 1.0", [hex: :nimble_options, repo: "hexpm", optional: false]}, {:owl, "~> 0.8.0", [hex: :owl, repo: "hexpm", optional: false]}, {:rewrite, "~> 0.7", [hex: :rewrite, repo: "hexpm", optional: false]}, {:sourceror, "~> 0.12", [hex: :sourceror, repo: "hexpm", optional: false]}], "hexpm", "c25ef684985c1036560b507e3fd87d44818320ae541c6f1c017caab37d15f325"},
  "nimble_options": {:hex, :nimble_options, "1.1.0", "3b31a57ede9cb1502071fade751ab0c7b8dbe75a9a4c2b5bbb0943a690b63172", [:mix], [], "hexpm", "8bbbb3941af3ca9acc7835f5655ea062111c9c27bcac53e004460dfd19008a99"},
  "nimble_parsec": {:hex, :nimble_parsec, "1.2.3", "244836e6e3f1200c7f30cb56733fd808744eca61fd182f731eac4af635cc6d0b", [:mix], [], "hexpm", "c8d789e39b9131acf7b99291e93dae60ab48ef14a7ee9d58c6964f59efb570b0"},
  "owl": {:hex, :owl, "0.8.0", "0ef925cb784311093d4e3734822960cbdbdb13b095d748bb5bc82abcd5b56732", [:mix], [], "hexpm", "0a5586ceb1a12f4bbda90e330c20e6ea034552335d09466c10e4218c98977529"},
  "rewrite": {:hex, :rewrite, "0.10.0", "5d756b6dc67679e7156ff6055f9654be02dbaeb177aaf1ff6af7ee8da8718248", [:mix], [{:glob_ex, "~> 0.1", [hex: :glob_ex, repo: "hexpm", optional: false]}, {:sourceror, "~> 0.13", [hex: :sourceror, repo: "hexpm", optional: false]}], "hexpm", "68d7808cf549e7bf51b0119a8edc14d50970bad479115249030baa580c1d7b50"},
  "snapshy": {:hex, :snapshy, "0.3.0", "70941652b24a1742e7a8ea4b6a62922a1bd34518c8c6e15bd732bbae9441f1bb", [:mix], [], "hexpm", "4dc6f988dd9c62169f42de690a3a68b88d963a398220a87a9362ae6659eca22d"},
  "sourceror": {:hex, :sourceror, "0.14.1", "c6fb848d55bd34362880da671debc56e77fd722fa13b4dcbeac89a8998fc8b09", [:mix], [], "hexpm", "8b488a219e4c4d7d9ff29d16346fd4a5858085ccdd010e509101e226bbfd8efc"},
}
